# to prevent installing 2013 build tools when opening the proejct in SharpDevelop 
Microsoft Visual Studio Solution File, Format Version 11.00
# Visual Studio 2010
MinimumVisualStudioVersion = 10.0.40219.1
Project("{FAE04EC0-301F-11D3-BF4B-00C04F79EFBC}") = "Program", "Program\Program.csproj", "{CF8E6D61-C2BF-43AB-BC50-CA6329FCF122}"
EndProject
Project("{2150E333-8FDC-42A3-9474-1A3956D46DE8}") = ".nuget", ".nuget", "{C2D6FDFC-6EB5-4A1D-870C-33B39D5697C1}"
	ProjectSection(SolutionItems) = preProject
		.nuget\NuGet.Config = .nuget\NuGet.Config
		.nuget\NuGet.exe = .nuget\NuGet.exe
		.nuget\NuGet.targets = .nuget\NuGet.targets
	EndProjectSection
EndProject
Global
	GlobalSection(SolutionConfigurationPlatforms) = preSolution
		Debug|Any CPU = Debug|Any CPU
		Release|Any CPU = Release|Any CPU
	EndGlobalSection
	GlobalSection(ProjectConfigurationPlatforms) = postSolution
		{CF8E6D61-C2BF-43AB-BC50-CA6329FCF122}.Debug|Any CPU.ActiveCfg = Debug|Any CPU
		{CF8E6D61-C2BF-43AB-BC50-CA6329FCF122}.Debug|Any CPU.Build.0 = Debug|Any CPU
		{CF8E6D61-C2BF-43AB-BC50-CA6329FCF122}.Release|Any CPU.ActiveCfg = Release|Any CPU
		{CF8E6D61-C2BF-43AB-BC50-CA6329FCF122}.Release|Any CPU.Build.0 = Release|Any CPU
	EndGlobalSection
	GlobalSection(SolutionProperties) = preSolution
		HideSolutionNode = FALSE
	EndGlobalSection
EndGlobal
