
Microsoft Visual Studio Solution File, Format Version 12.00
# Visual Studio 2012
# SharpDevelop 5.1
VisualStudioVersion = 12.0.20827.3
MinimumVisualStudioVersion = 10.0.40219.1
Project("{FAE04EC0-301F-11D3-BF4B-00C04F79EFBC}") = "Test", "Test\Test.csproj", "{144AB4E3-58AC-46D2-B6F8-68BADC1E890F}"
EndProject
Project("{FAE04EC0-301F-11D3-BF4B-00C04F79EFBC}") = "Extensions", "Extensions\Extensions.csproj", "{D83DFE64-32B2-406E-A9A2-E2AE61777C80}"
EndProject
Project("{FAE04EC0-301F-11D3-BF4B-00C04F79EFBC}") = "TestUtils", "TestUtils\TestUtils.csproj", "{F7CF2221-6C80-4298-8D52-B00881AAE3A5}"
EndProject
Global
	GlobalSection(SolutionConfigurationPlatforms) = preSolution
		Debug|x86 = Debug|x86
		Release|x86 = Release|x86
	EndGlobalSection
	GlobalSection(ProjectConfigurationPlatforms) = postSolution
		{144AB4E3-58AC-46D2-B6F8-68BADC1E890F}.Debug|x86.ActiveCfg = Debug|x86
		{144AB4E3-58AC-46D2-B6F8-68BADC1E890F}.Debug|x86.Build.0 = Debug|x86
		{144AB4E3-58AC-46D2-B6F8-68BADC1E890F}.Release|x86.ActiveCfg = Release|Any CPU
		{144AB4E3-58AC-46D2-B6F8-68BADC1E890F}.Release|x86.Build.0 = Release|Any CPU
		{D83DFE64-32B2-406E-A9A2-E2AE61777C80}.Debug|x86.ActiveCfg = Debug|x86
		{D83DFE64-32B2-406E-A9A2-E2AE61777C80}.Debug|x86.Build.0 = Debug|x86
		{D83DFE64-32B2-406E-A9A2-E2AE61777C80}.Release|x86.ActiveCfg = Release|Any CPU
		{D83DFE64-32B2-406E-A9A2-E2AE61777C80}.Release|x86.Build.0 = Release|Any CPU
		{F7CF2221-6C80-4298-8D52-B00881AAE3A5}.Debug|x86.ActiveCfg = Debug|x86
		{F7CF2221-6C80-4298-8D52-B00881AAE3A5}.Debug|x86.Build.0 = Debug|x86
		{F7CF2221-6C80-4298-8D52-B00881AAE3A5}.Release|x86.ActiveCfg = Release|Any CPU
		{F7CF2221-6C80-4298-8D52-B00881AAE3A5}.Release|x86.Build.0 = Release|Any CPU
	EndGlobalSection
EndGlobal
