
Microsoft Visual Studio Solution File, Format Version 11.00
# Visual Studio 2010
# SharpDevelop 5.1
Project("{FAE04EC0-301F-11D3-BF4B-00C04F79EFBC}") = "Program", "Program\Program.csproj", "{DE9C82C5-EBB3-4A2B-A75E-CE3E68E2C866}"
EndProject
Project("{FAE04EC0-301F-11D3-BF4B-00C04F79EFBC}") = "Test", "Test\Test.csproj", "{144AB4E3-58AC-46D2-B6F8-68BADC1E890F}"
EndProject
Global
	GlobalSection(SolutionConfigurationPlatforms) = preSolution
		Debug|Any CPU = Debug|Any CPU
		Release|Any CPU = Release|Any CPU
	EndGlobalSection
	GlobalSection(ProjectConfigurationPlatforms) = postSolution
		{DE9C82C5-EBB3-4A2B-A75E-CE3E68E2C866}.Debug|Any CPU.ActiveCfg = Debug|Any CPU
		{DE9C82C5-EBB3-4A2B-A75E-CE3E68E2C866}.Debug|Any CPU.Build.0 = Debug|Any CPU
		{DE9C82C5-EBB3-4A2B-A75E-CE3E68E2C866}.Release|Any CPU.ActiveCfg = Release|Any CPU
		{DE9C82C5-EBB3-4A2B-A75E-CE3E68E2C866}.Release|Any CPU.Build.0 = Release|Any CPU
		{144AB4E3-58AC-46D2-B6F8-68BADC1E890F}.Debug|Any CPU.ActiveCfg = Debug|Any CPU
		{144AB4E3-58AC-46D2-B6F8-68BADC1E890F}.Debug|Any CPU.Build.0 = Debug|Any CPU
		{144AB4E3-58AC-46D2-B6F8-68BADC1E890F}.Release|Any CPU.ActiveCfg = Release|Any CPU
		{144AB4E3-58AC-46D2-B6F8-68BADC1E890F}.Release|Any CPU.Build.0 = Release|Any CPU
	EndGlobalSection
EndGlobal
