
Microsoft Visual Studio Solution File, Format Version 11.00
# Visual Studio 2010
Project("{FAE04EC0-301F-11D3-BF4B-00C04F79EFBC}") = "Program", "Program\Program.csproj", "{2449B411-EE58-4E93-9557-25F83CA3FCE5}"
EndProject
Project("{2150E333-8FDC-42A3-9474-1A3956D46DE8}") = "Solution Items", "Solution Items", "{6E39A2DF-AA8D-4348-AB0C-788CE2629FDA}"
	ProjectSection(SolutionItems) = preProject
		chrome_performance.vsmdi = chrome_performance.vsmdi
		Local.testsettings = Local.testsettings
		TraceAndTestImpact.testsettings = TraceAndTestImpact.testsettings
	EndProjectSection
EndProject
Global
	GlobalSection(TestCaseManagementSettings) = postSolution
		CategoryFile = chrome_performance.vsmdi
	EndGlobalSection
	GlobalSection(SolutionConfigurationPlatforms) = preSolution
		Debug|Any CPU = Debug|Any CPU
		Release|Any CPU = Release|Any CPU
	EndGlobalSection
	GlobalSection(ProjectConfigurationPlatforms) = postSolution
		{2449B411-EE58-4E93-9557-25F83CA3FCE5}.Debug|Any CPU.ActiveCfg = Debug|Any CPU
		{2449B411-EE58-4E93-9557-25F83CA3FCE5}.Debug|Any CPU.Build.0 = Debug|Any CPU
		{2449B411-EE58-4E93-9557-25F83CA3FCE5}.Release|Any CPU.ActiveCfg = Release|Any CPU
		{2449B411-EE58-4E93-9557-25F83CA3FCE5}.Release|Any CPU.Build.0 = Release|Any CPU
	EndGlobalSection
	GlobalSection(SolutionProperties) = preSolution
		HideSolutionNode = FALSE
	EndGlobalSection
EndGlobal
